
Microsoft Visual Studio Solution File, Format Version 12.00
# Visual Studio Version 17
VisualStudioVersion = 17.5.002.0
MinimumVisualStudioVersion = 10.0.40219.1
Project("{9A19103F-16F7-4668-BE54-9A1E7A4F7556}") = "Kontrol-Rabota-GB", "Kontrol-Rabota-GB.csproj", "{1DD8573E-774E-4117-ADEA-ACC49DD02FB7}"
EndProject
Global
	GlobalSection(SolutionConfigurationPlatforms) = preSolution
		Debug|Any CPU = Debug|Any CPU
		Release|Any CPU = Release|Any CPU
	EndGlobalSection
	GlobalSection(ProjectConfigurationPlatforms) = postSolution
		{1DD8573E-774E-4117-ADEA-ACC49DD02FB7}.Debug|Any CPU.ActiveCfg = Debug|Any CPU
		{1DD8573E-774E-4117-ADEA-ACC49DD02FB7}.Debug|Any CPU.Build.0 = Debug|Any CPU
		{1DD8573E-774E-4117-ADEA-ACC49DD02FB7}.Release|Any CPU.ActiveCfg = Release|Any CPU
		{1DD8573E-774E-4117-ADEA-ACC49DD02FB7}.Release|Any CPU.Build.0 = Release|Any CPU
	EndGlobalSection
	GlobalSection(SolutionProperties) = preSolution
		HideSolutionNode = FALSE
	EndGlobalSection
	GlobalSection(ExtensibilityGlobals) = postSolution
		SolutionGuid = {3AE7C185-E658-4172-BF71-8E000F0E44DB}
	EndGlobalSection
EndGlobal
